
Microsoft Visual Studio Solution File, Format Version 12.00
# Visual Studio Version 17
VisualStudioVersion = 17.14.36414.22 d17.14
MinimumVisualStudioVersion = 10.0.40219.1
Project("{FAE04EC0-301F-11D3-BF4B-00C04F79EFBC}") = "SistemaBiblioteca", "SistemaBiblioteca\SistemaBiblioteca.csproj", "{6C531011-0E4E-4CD5-94F7-AF539D62AA7A}"
EndProject
Project("{FAE04EC0-301F-11D3-BF4B-00C04F79EFBC}") = "ClasesSistemaBiblioteca", "ClasesSistemaBiblioteca\ClasesSistemaBiblioteca.csproj", "{B07121EC-FB26-46C3-AA24-AC31A8853651}"
EndProject
Global
	GlobalSection(SolutionConfigurationPlatforms) = preSolution
		Debug|Any CPU = Debug|Any CPU
		Release|Any CPU = Release|Any CPU
	EndGlobalSection
	GlobalSection(ProjectConfigurationPlatforms) = postSolution
		{6C531011-0E4E-4CD5-94F7-AF539D62AA7A}.Debug|Any CPU.ActiveCfg = Debug|Any CPU
		{6C531011-0E4E-4CD5-94F7-AF539D62AA7A}.Debug|Any CPU.Build.0 = Debug|Any CPU
		{6C531011-0E4E-4CD5-94F7-AF539D62AA7A}.Release|Any CPU.ActiveCfg = Release|Any CPU
		{6C531011-0E4E-4CD5-94F7-AF539D62AA7A}.Release|Any CPU.Build.0 = Release|Any CPU
		{B07121EC-FB26-46C3-AA24-AC31A8853651}.Debug|Any CPU.ActiveCfg = Debug|Any CPU
		{B07121EC-FB26-46C3-AA24-AC31A8853651}.Debug|Any CPU.Build.0 = Debug|Any CPU
		{B07121EC-FB26-46C3-AA24-AC31A8853651}.Release|Any CPU.ActiveCfg = Release|Any CPU
		{B07121EC-FB26-46C3-AA24-AC31A8853651}.Release|Any CPU.Build.0 = Release|Any CPU
	EndGlobalSection
	GlobalSection(SolutionProperties) = preSolution
		HideSolutionNode = FALSE
	EndGlobalSection
	GlobalSection(ExtensibilityGlobals) = postSolution
		SolutionGuid = {1EF3D2EB-12AD-4195-BE1B-1A0D584EB089}
	EndGlobalSection
EndGlobal
